
Microsoft Visual Studio Solution File, Format Version 12.00
# Visual Studio Version 16
VisualStudioVersion = 16.0.30114.105
MinimumVisualStudioVersion = 10.0.40219.1
Project("{FAE04EC0-301F-11D3-BF4B-00C04F79EFBC}") = "With", "With\With.csproj", "{53D5D750-3015-4096-AC02-BA90BE0804DD}"
EndProject
Project("{FAE04EC0-301F-11D3-BF4B-00C04F79EFBC}") = "With.UnitTests", "With.UnitTests\With.UnitTests.csproj", "{404524FC-5C27-4E42-B59D-A65067323959}"
EndProject
Global
	GlobalSection(SolutionConfigurationPlatforms) = preSolution
		Debug|Any CPU = Debug|Any CPU
		Release|Any CPU = Release|Any CPU
	EndGlobalSection
	GlobalSection(ProjectConfigurationPlatforms) = postSolution
		{53D5D750-3015-4096-AC02-BA90BE0804DD}.Debug|Any CPU.ActiveCfg = Debug|Any CPU
		{53D5D750-3015-4096-AC02-BA90BE0804DD}.Debug|Any CPU.Build.0 = Debug|Any CPU
		{53D5D750-3015-4096-AC02-BA90BE0804DD}.Release|Any CPU.ActiveCfg = Release|Any CPU
		{53D5D750-3015-4096-AC02-BA90BE0804DD}.Release|Any CPU.Build.0 = Release|Any CPU
		{404524FC-5C27-4E42-B59D-A65067323959}.Debug|Any CPU.ActiveCfg = Debug|Any CPU
		{404524FC-5C27-4E42-B59D-A65067323959}.Debug|Any CPU.Build.0 = Debug|Any CPU
		{404524FC-5C27-4E42-B59D-A65067323959}.Release|Any CPU.ActiveCfg = Release|Any CPU
		{404524FC-5C27-4E42-B59D-A65067323959}.Release|Any CPU.Build.0 = Release|Any CPU
	EndGlobalSection
	GlobalSection(SolutionProperties) = preSolution
		HideSolutionNode = FALSE
	EndGlobalSection
	GlobalSection(ExtensibilityGlobals) = postSolution
		SolutionGuid = {53247B35-193C-4348-B8BC-3DD34801F0ED}
	EndGlobalSection
EndGlobal
